# This file is autogenerated, do not edit; changes may be undone by the next 'dep ensure'.


[[projects]]
  branch = "master"
  name = "github.com/nu11ptr/decimal"
  packages = ["."]
  revision = "367b9dd85a15fae2c1d1d0a99b9997948123c934"

[solve-meta]
  analyzer-name = "dep"
  analyzer-version = 1
  inputs-digest = "de4cd90be4d38c6bbf1296675ddf8a8f2fa368b3a72a0326dc20e40e3d0fdd04"
  solver-name = "gps-cdcl"
  solver-version = 1
